
Microsoft Visual Studio Solution File, Format Version 12.00
# Visual Studio Version 16
VisualStudioVersion = 16.0.31410.357
MinimumVisualStudioVersion = 10.0.40219.1
Project("{9A19103F-16F7-4668-BE54-9A1E7A4F7556}") = "SinglePageApp", "SinglePageApp.csproj", "{F2F0D5FF-4033-4E62-BDC8-476F0BADB812}"
EndProject
Global
	GlobalSection(SolutionConfigurationPlatforms) = preSolution
		Debug|Any CPU = Debug|Any CPU
		Release|Any CPU = Release|Any CPU
	EndGlobalSection
	GlobalSection(ProjectConfigurationPlatforms) = postSolution
		{F2F0D5FF-4033-4E62-BDC8-476F0BADB812}.Debug|Any CPU.ActiveCfg = Debug|Any CPU
		{F2F0D5FF-4033-4E62-BDC8-476F0BADB812}.Debug|Any CPU.Build.0 = Debug|Any CPU
		{F2F0D5FF-4033-4E62-BDC8-476F0BADB812}.Release|Any CPU.ActiveCfg = Release|Any CPU
		{F2F0D5FF-4033-4E62-BDC8-476F0BADB812}.Release|Any CPU.Build.0 = Release|Any CPU
	EndGlobalSection
	GlobalSection(SolutionProperties) = preSolution
		HideSolutionNode = FALSE
	EndGlobalSection
	GlobalSection(ExtensibilityGlobals) = postSolution
		SolutionGuid = {DE78C7D7-E912-4167-82B0-E4527E758FE6}
	EndGlobalSection
EndGlobal
